
Microsoft Visual Studio Solution File, Format Version 12.00
# Visual Studio 15
VisualStudioVersion = 15.0.28307.489
MinimumVisualStudioVersion = 10.0.40219.1
Project("{FAE04EC0-301F-11D3-BF4B-00C04F79EFBC}") = "Task1_Board", "Task1_Board\Task1_Board.csproj", "{A8E9EB56-30B2-49F9-8F6A-FC2411B9C470}"
EndProject
Project("{FAE04EC0-301F-11D3-BF4B-00C04F79EFBC}") = "Task1_Board.Tests", "Task1_Board.Tests\Task1_Board.Tests.csproj", "{001E8A52-B9B2-4313-B49C-5FCD26AD895D}"
EndProject
Project("{FAE04EC0-301F-11D3-BF4B-00C04F79EFBC}") = "Logger", "Logger\Logger.csproj", "{FBAD5A77-7D2D-497A-9554-528FCF704440}"
EndProject
Project("{FAE04EC0-301F-11D3-BF4B-00C04F79EFBC}") = "DIResolver", "DIResolver\DIResolver.csproj", "{AC677AF8-B992-4E6C-823F-BC30E15F1936}"
EndProject
Project("{FAE04EC0-301F-11D3-BF4B-00C04F79EFBC}") = "Task2_Envelopes", "Task2_Envelopes\Task2_Envelopes.csproj", "{E03858B8-7267-4885-B518-F5C2070DD572}"
EndProject
Project("{FAE04EC0-301F-11D3-BF4B-00C04F79EFBC}") = "Task2_Envelopes.Tests", "Task2_Envelopes.Tests\Task2_Envelopes.Tests.csproj", "{BF0871EB-FB3D-450B-A8F5-5B68640092D4}"
EndProject
Project("{FAE04EC0-301F-11D3-BF4B-00C04F79EFBC}") = "CustomCollections", "CustomCollections\CustomCollections.csproj", "{5260D10D-6F3E-4DEA-929E-A847201FCD17}"
EndProject
Project("{FAE04EC0-301F-11D3-BF4B-00C04F79EFBC}") = "Task5_NumberWord", "Task5_NumberWord\Task5_NumberWord.csproj", "{3687D033-6CE1-4EE6-A46F-3A81523F2810}"
EndProject
Project("{FAE04EC0-301F-11D3-BF4B-00C04F79EFBC}") = "Task4_Parser", "Task4_Parser\Task4_Parser.csproj", "{8D81F882-1FD0-4021-AB27-9875462C33AA}"
EndProject
Global
	GlobalSection(SolutionConfigurationPlatforms) = preSolution
		Debug|Any CPU = Debug|Any CPU
		Release|Any CPU = Release|Any CPU
	EndGlobalSection
	GlobalSection(ProjectConfigurationPlatforms) = postSolution
		{A8E9EB56-30B2-49F9-8F6A-FC2411B9C470}.Debug|Any CPU.ActiveCfg = Debug|Any CPU
		{A8E9EB56-30B2-49F9-8F6A-FC2411B9C470}.Debug|Any CPU.Build.0 = Debug|Any CPU
		{A8E9EB56-30B2-49F9-8F6A-FC2411B9C470}.Release|Any CPU.ActiveCfg = Release|Any CPU
		{A8E9EB56-30B2-49F9-8F6A-FC2411B9C470}.Release|Any CPU.Build.0 = Release|Any CPU
		{001E8A52-B9B2-4313-B49C-5FCD26AD895D}.Debug|Any CPU.ActiveCfg = Debug|Any CPU
		{001E8A52-B9B2-4313-B49C-5FCD26AD895D}.Debug|Any CPU.Build.0 = Debug|Any CPU
		{001E8A52-B9B2-4313-B49C-5FCD26AD895D}.Release|Any CPU.ActiveCfg = Release|Any CPU
		{001E8A52-B9B2-4313-B49C-5FCD26AD895D}.Release|Any CPU.Build.0 = Release|Any CPU
		{FBAD5A77-7D2D-497A-9554-528FCF704440}.Debug|Any CPU.ActiveCfg = Debug|Any CPU
		{FBAD5A77-7D2D-497A-9554-528FCF704440}.Debug|Any CPU.Build.0 = Debug|Any CPU
		{FBAD5A77-7D2D-497A-9554-528FCF704440}.Release|Any CPU.ActiveCfg = Release|Any CPU
		{FBAD5A77-7D2D-497A-9554-528FCF704440}.Release|Any CPU.Build.0 = Release|Any CPU
		{AC677AF8-B992-4E6C-823F-BC30E15F1936}.Debug|Any CPU.ActiveCfg = Debug|Any CPU
		{AC677AF8-B992-4E6C-823F-BC30E15F1936}.Debug|Any CPU.Build.0 = Debug|Any CPU
		{AC677AF8-B992-4E6C-823F-BC30E15F1936}.Release|Any CPU.ActiveCfg = Release|Any CPU
		{AC677AF8-B992-4E6C-823F-BC30E15F1936}.Release|Any CPU.Build.0 = Release|Any CPU
		{E03858B8-7267-4885-B518-F5C2070DD572}.Debug|Any CPU.ActiveCfg = Debug|Any CPU
		{E03858B8-7267-4885-B518-F5C2070DD572}.Debug|Any CPU.Build.0 = Debug|Any CPU
		{E03858B8-7267-4885-B518-F5C2070DD572}.Release|Any CPU.ActiveCfg = Release|Any CPU
		{E03858B8-7267-4885-B518-F5C2070DD572}.Release|Any CPU.Build.0 = Release|Any CPU
		{BF0871EB-FB3D-450B-A8F5-5B68640092D4}.Debug|Any CPU.ActiveCfg = Debug|Any CPU
		{BF0871EB-FB3D-450B-A8F5-5B68640092D4}.Debug|Any CPU.Build.0 = Debug|Any CPU
		{BF0871EB-FB3D-450B-A8F5-5B68640092D4}.Release|Any CPU.ActiveCfg = Release|Any CPU
		{BF0871EB-FB3D-450B-A8F5-5B68640092D4}.Release|Any CPU.Build.0 = Release|Any CPU
		{5260D10D-6F3E-4DEA-929E-A847201FCD17}.Debug|Any CPU.ActiveCfg = Debug|Any CPU
		{5260D10D-6F3E-4DEA-929E-A847201FCD17}.Debug|Any CPU.Build.0 = Debug|Any CPU
		{5260D10D-6F3E-4DEA-929E-A847201FCD17}.Release|Any CPU.ActiveCfg = Release|Any CPU
		{5260D10D-6F3E-4DEA-929E-A847201FCD17}.Release|Any CPU.Build.0 = Release|Any CPU
		{3687D033-6CE1-4EE6-A46F-3A81523F2810}.Debug|Any CPU.ActiveCfg = Debug|Any CPU
		{3687D033-6CE1-4EE6-A46F-3A81523F2810}.Debug|Any CPU.Build.0 = Debug|Any CPU
		{3687D033-6CE1-4EE6-A46F-3A81523F2810}.Release|Any CPU.ActiveCfg = Release|Any CPU
		{3687D033-6CE1-4EE6-A46F-3A81523F2810}.Release|Any CPU.Build.0 = Release|Any CPU
		{8D81F882-1FD0-4021-AB27-9875462C33AA}.Debug|Any CPU.ActiveCfg = Debug|Any CPU
		{8D81F882-1FD0-4021-AB27-9875462C33AA}.Debug|Any CPU.Build.0 = Debug|Any CPU
		{8D81F882-1FD0-4021-AB27-9875462C33AA}.Release|Any CPU.ActiveCfg = Release|Any CPU
		{8D81F882-1FD0-4021-AB27-9875462C33AA}.Release|Any CPU.Build.0 = Release|Any CPU
	EndGlobalSection
	GlobalSection(SolutionProperties) = preSolution
		HideSolutionNode = FALSE
	EndGlobalSection
	GlobalSection(ExtensibilityGlobals) = postSolution
		SolutionGuid = {BBB1692A-8E80-4006-8BA9-EFA38652780A}
	EndGlobalSection
EndGlobal
