
Microsoft Visual Studio Solution File, Format Version 12.00
# Visual Studio 15
VisualStudioVersion = 15.0.28307.489
MinimumVisualStudioVersion = 10.0.40219.1
Project("{FAE04EC0-301F-11D3-BF4B-00C04F79EFBC}") = "Task1_Board", "Task1_Board\Task1_Board.csproj", "{A8E9EB56-30B2-49F9-8F6A-FC2411B9C470}"
EndProject
Project("{FAE04EC0-301F-11D3-BF4B-00C04F79EFBC}") = "Task1_Board.Tests", "Task1_Board.Tests\Task1_Board.Tests.csproj", "{001E8A52-B9B2-4313-B49C-5FCD26AD895D}"
EndProject
Project("{FAE04EC0-301F-11D3-BF4B-00C04F79EFBC}") = "Task2_Envelopes", "Task2_Envelopes\Task2_Envelopes.csproj", "{E03858B8-7267-4885-B518-F5C2070DD572}"
EndProject
Project("{FAE04EC0-301F-11D3-BF4B-00C04F79EFBC}") = "Task2_Envelopes.Tests", "Task2_Envelopes.Tests\Task2_Envelopes.Tests.csproj", "{BF0871EB-FB3D-450B-A8F5-5B68640092D4}"
EndProject
Global
	GlobalSection(SolutionConfigurationPlatforms) = preSolution
		Debug|Any CPU = Debug|Any CPU
		Release|Any CPU = Release|Any CPU
	EndGlobalSection
	GlobalSection(ProjectConfigurationPlatforms) = postSolution
		{A8E9EB56-30B2-49F9-8F6A-FC2411B9C470}.Debug|Any CPU.ActiveCfg = Debug|Any CPU
		{A8E9EB56-30B2-49F9-8F6A-FC2411B9C470}.Debug|Any CPU.Build.0 = Debug|Any CPU
		{A8E9EB56-30B2-49F9-8F6A-FC2411B9C470}.Release|Any CPU.ActiveCfg = Release|Any CPU
		{A8E9EB56-30B2-49F9-8F6A-FC2411B9C470}.Release|Any CPU.Build.0 = Release|Any CPU
		{001E8A52-B9B2-4313-B49C-5FCD26AD895D}.Debug|Any CPU.ActiveCfg = Debug|Any CPU
		{001E8A52-B9B2-4313-B49C-5FCD26AD895D}.Debug|Any CPU.Build.0 = Debug|Any CPU
		{001E8A52-B9B2-4313-B49C-5FCD26AD895D}.Release|Any CPU.ActiveCfg = Release|Any CPU
		{001E8A52-B9B2-4313-B49C-5FCD26AD895D}.Release|Any CPU.Build.0 = Release|Any CPU
		{E03858B8-7267-4885-B518-F5C2070DD572}.Debug|Any CPU.ActiveCfg = Debug|Any CPU
		{E03858B8-7267-4885-B518-F5C2070DD572}.Debug|Any CPU.Build.0 = Debug|Any CPU
		{E03858B8-7267-4885-B518-F5C2070DD572}.Release|Any CPU.ActiveCfg = Release|Any CPU
		{E03858B8-7267-4885-B518-F5C2070DD572}.Release|Any CPU.Build.0 = Release|Any CPU
		{BF0871EB-FB3D-450B-A8F5-5B68640092D4}.Debug|Any CPU.ActiveCfg = Debug|Any CPU
		{BF0871EB-FB3D-450B-A8F5-5B68640092D4}.Debug|Any CPU.Build.0 = Debug|Any CPU
		{BF0871EB-FB3D-450B-A8F5-5B68640092D4}.Release|Any CPU.ActiveCfg = Release|Any CPU
		{BF0871EB-FB3D-450B-A8F5-5B68640092D4}.Release|Any CPU.Build.0 = Release|Any CPU
	EndGlobalSection
	GlobalSection(SolutionProperties) = preSolution
		HideSolutionNode = FALSE
	EndGlobalSection
	GlobalSection(ExtensibilityGlobals) = postSolution
		SolutionGuid = {BBB1692A-8E80-4006-8BA9-EFA38652780A}
	EndGlobalSection
EndGlobal
